
Microsoft Visual Studio Solution File, Format Version 12.00
# Visual Studio 15
VisualStudioVersion = 15.0.27130.2027
MinimumVisualStudioVersion = 10.0.40219.1
Project("{FAE04EC0-301F-11D3-BF4B-00C04F79EFBC}") = "Chess", "Chess.csproj", "{2D04451D-EBFE-4265-B5D0-FB576E4ED2A8}"
EndProject
Project("{FAE04EC0-301F-11D3-BF4B-00C04F79EFBC}") = "Chess.Tests", "..\Chess.Tests\Chess.Tests.csproj", "{3A841206-F843-4D32-A0DC-4BAFCBBC37B0}"
EndProject
Global
	GlobalSection(SolutionConfigurationPlatforms) = preSolution
		Debug|Any CPU = Debug|Any CPU
		Release|Any CPU = Release|Any CPU
	EndGlobalSection
	GlobalSection(ProjectConfigurationPlatforms) = postSolution
		{2D04451D-EBFE-4265-B5D0-FB576E4ED2A8}.Debug|Any CPU.ActiveCfg = Debug|Any CPU
		{2D04451D-EBFE-4265-B5D0-FB576E4ED2A8}.Debug|Any CPU.Build.0 = Debug|Any CPU
		{2D04451D-EBFE-4265-B5D0-FB576E4ED2A8}.Release|Any CPU.ActiveCfg = Release|Any CPU
		{2D04451D-EBFE-4265-B5D0-FB576E4ED2A8}.Release|Any CPU.Build.0 = Release|Any CPU
		{3A841206-F843-4D32-A0DC-4BAFCBBC37B0}.Debug|Any CPU.ActiveCfg = Debug|Any CPU
		{3A841206-F843-4D32-A0DC-4BAFCBBC37B0}.Debug|Any CPU.Build.0 = Debug|Any CPU
		{3A841206-F843-4D32-A0DC-4BAFCBBC37B0}.Release|Any CPU.ActiveCfg = Release|Any CPU
		{3A841206-F843-4D32-A0DC-4BAFCBBC37B0}.Release|Any CPU.Build.0 = Release|Any CPU
	EndGlobalSection
	GlobalSection(SolutionProperties) = preSolution
		HideSolutionNode = FALSE
	EndGlobalSection
	GlobalSection(ExtensibilityGlobals) = postSolution
		SolutionGuid = {30763CDE-CC6B-4ADD-8696-D4D013CCD1E9}
	EndGlobalSection
EndGlobal
